
Microsoft Visual Studio Solution File, Format Version 12.00
# Visual Studio Version 16
VisualStudioVersion = 16.0.31112.23
MinimumVisualStudioVersion = 10.0.40219.1
Project("{FAE04EC0-301F-11D3-BF4B-00C04F79EFBC}") = "TrabalhoMasterPage", "TrabalhoMasterPage\TrabalhoMasterPage.csproj", "{CE6948A4-CF50-4163-895A-B5B8B2A5CAE7}"
EndProject
Global
	GlobalSection(SolutionConfigurationPlatforms) = preSolution
		Debug|Any CPU = Debug|Any CPU
		Release|Any CPU = Release|Any CPU
	EndGlobalSection
	GlobalSection(ProjectConfigurationPlatforms) = postSolution
		{CE6948A4-CF50-4163-895A-B5B8B2A5CAE7}.Debug|Any CPU.ActiveCfg = Debug|Any CPU
		{CE6948A4-CF50-4163-895A-B5B8B2A5CAE7}.Debug|Any CPU.Build.0 = Debug|Any CPU
		{CE6948A4-CF50-4163-895A-B5B8B2A5CAE7}.Release|Any CPU.ActiveCfg = Release|Any CPU
		{CE6948A4-CF50-4163-895A-B5B8B2A5CAE7}.Release|Any CPU.Build.0 = Release|Any CPU
	EndGlobalSection
	GlobalSection(SolutionProperties) = preSolution
		HideSolutionNode = FALSE
	EndGlobalSection
	GlobalSection(ExtensibilityGlobals) = postSolution
		SolutionGuid = {BA780520-64D6-459E-B884-08C28C29CAE5}
	EndGlobalSection
EndGlobal
